
Microsoft Visual Studio Solution File, Format Version 12.00
# Visual Studio Version 17
VisualStudioVersion = 17.3.32929.385
MinimumVisualStudioVersion = 10.0.40219.1
Project("{FAE04EC0-301F-11D3-BF4B-00C04F79EFBC}") = "BlazorServer", "BlazorServer\BlazorServer.csproj", "{495E0C43-0F23-403D-9F71-52C2E63B824E}"
EndProject
Project("{2150E333-8FDC-42A3-9474-1A3956D46DE8}") = "Solution Items", "Solution Items", "{9357363F-0EC9-4E25-84D3-2A8FAF970BCD}"
	ProjectSection(SolutionItems) = preProject
		.editorconfig = .editorconfig
	EndProjectSection
EndProject
Project("{FAE04EC0-301F-11D3-BF4B-00C04F79EFBC}") = "WPFClient", "WPFClient\WPFClient.csproj", "{A779BBA4-F2E8-4225-911A-18079781378F}"
EndProject
Global
	GlobalSection(SolutionConfigurationPlatforms) = preSolution
		Debug|Any CPU = Debug|Any CPU
		Release|Any CPU = Release|Any CPU
	EndGlobalSection
	GlobalSection(ProjectConfigurationPlatforms) = postSolution
		{495E0C43-0F23-403D-9F71-52C2E63B824E}.Debug|Any CPU.ActiveCfg = Debug|Any CPU
		{495E0C43-0F23-403D-9F71-52C2E63B824E}.Debug|Any CPU.Build.0 = Debug|Any CPU
		{495E0C43-0F23-403D-9F71-52C2E63B824E}.Release|Any CPU.ActiveCfg = Release|Any CPU
		{495E0C43-0F23-403D-9F71-52C2E63B824E}.Release|Any CPU.Build.0 = Release|Any CPU
		{A779BBA4-F2E8-4225-911A-18079781378F}.Debug|Any CPU.ActiveCfg = Debug|Any CPU
		{A779BBA4-F2E8-4225-911A-18079781378F}.Debug|Any CPU.Build.0 = Debug|Any CPU
		{A779BBA4-F2E8-4225-911A-18079781378F}.Release|Any CPU.ActiveCfg = Release|Any CPU
		{A779BBA4-F2E8-4225-911A-18079781378F}.Release|Any CPU.Build.0 = Release|Any CPU
	EndGlobalSection
	GlobalSection(SolutionProperties) = preSolution
		HideSolutionNode = FALSE
	EndGlobalSection
	GlobalSection(ExtensibilityGlobals) = postSolution
		SolutionGuid = {3885E33D-627E-4848-8AC8-52D6D440B21F}
	EndGlobalSection
EndGlobal
