
Microsoft Visual Studio Solution File, Format Version 12.00
# Visual Studio Version 17
VisualStudioVersion = 17.0.32112.339
MinimumVisualStudioVersion = 10.0.40219.1
Project("{FAE04EC0-301F-11D3-BF4B-00C04F79EFBC}") = "ImageCRUD", "ImageCRUD\ImageCRUD.csproj", "{B7B27073-DBA5-4E51-B33F-C7A337F7CC8A}"
EndProject
Global
	GlobalSection(SolutionConfigurationPlatforms) = preSolution
		Debug|Any CPU = Debug|Any CPU
		Release|Any CPU = Release|Any CPU
	EndGlobalSection
	GlobalSection(ProjectConfigurationPlatforms) = postSolution
		{B7B27073-DBA5-4E51-B33F-C7A337F7CC8A}.Debug|Any CPU.ActiveCfg = Debug|Any CPU
		{B7B27073-DBA5-4E51-B33F-C7A337F7CC8A}.Debug|Any CPU.Build.0 = Debug|Any CPU
		{B7B27073-DBA5-4E51-B33F-C7A337F7CC8A}.Release|Any CPU.ActiveCfg = Release|Any CPU
		{B7B27073-DBA5-4E51-B33F-C7A337F7CC8A}.Release|Any CPU.Build.0 = Release|Any CPU
	EndGlobalSection
	GlobalSection(SolutionProperties) = preSolution
		HideSolutionNode = FALSE
	EndGlobalSection
	GlobalSection(ExtensibilityGlobals) = postSolution
		SolutionGuid = {DC5426F6-5287-4E40-B959-189E9DB307B1}
	EndGlobalSection
EndGlobal
